
Microsoft Visual Studio Solution File, Format Version 12.00
# Visual Studio Version 17
VisualStudioVersion = 17.10.34928.147
MinimumVisualStudioVersion = 10.0.40219.1
Project("{FAE04EC0-301F-11D3-BF4B-00C04F79EFBC}") = "Prog_P2", "Prog_P2.csproj", "{1A7740F1-958F-4398-8CA0-79E81E357427}"
EndProject
Project("{FAE04EC0-301F-11D3-BF4B-00C04F79EFBC}") = "Prog_P2.Test", "..\Prog_P2.Test\Prog_P2.Test.csproj", "{6EA0EA09-8154-444F-8BD1-A94732A7B334}"
EndProject
Project("{2150E333-8FDC-42A3-9474-1A3956D46DE8}") = "Solution Items", "Solution Items", "{4A9BF6A7-5141-4BDB-8984-4F78054931B9}"
	ProjectSection(SolutionItems) = preProject
		Readme.md = Readme.md
	EndProjectSection
EndProject
Global
	GlobalSection(SolutionConfigurationPlatforms) = preSolution
		Debug|Any CPU = Debug|Any CPU
		Release|Any CPU = Release|Any CPU
	EndGlobalSection
	GlobalSection(ProjectConfigurationPlatforms) = postSolution
		{1A7740F1-958F-4398-8CA0-79E81E357427}.Debug|Any CPU.ActiveCfg = Debug|Any CPU
		{1A7740F1-958F-4398-8CA0-79E81E357427}.Debug|Any CPU.Build.0 = Debug|Any CPU
		{1A7740F1-958F-4398-8CA0-79E81E357427}.Release|Any CPU.ActiveCfg = Release|Any CPU
		{1A7740F1-958F-4398-8CA0-79E81E357427}.Release|Any CPU.Build.0 = Release|Any CPU
		{6EA0EA09-8154-444F-8BD1-A94732A7B334}.Debug|Any CPU.ActiveCfg = Debug|Any CPU
		{6EA0EA09-8154-444F-8BD1-A94732A7B334}.Debug|Any CPU.Build.0 = Debug|Any CPU
		{6EA0EA09-8154-444F-8BD1-A94732A7B334}.Release|Any CPU.ActiveCfg = Release|Any CPU
		{6EA0EA09-8154-444F-8BD1-A94732A7B334}.Release|Any CPU.Build.0 = Release|Any CPU
	EndGlobalSection
	GlobalSection(SolutionProperties) = preSolution
		HideSolutionNode = FALSE
	EndGlobalSection
	GlobalSection(ExtensibilityGlobals) = postSolution
		SolutionGuid = {A9E86B11-158F-4E9F-A8DF-4BD956B43DAC}
	EndGlobalSection
EndGlobal
